// !$*UTF8*$!
{
	archiveVersion = 1;
	classes = {
	};
	objectVersion = 46;
	objects = {

/* Begin PBXBuildFile section */
		ABE499921F4D5031004B9462 /* AppDelegate.swift in Sources */ = {isa = PBXBuildFile; fileRef = ABE499911F4D5031004B9462 /* AppDelegate.swift */; };
		ABE499941F4D5031004B9462 /* ViewController.swift in Sources */ = {isa = PBXBuildFile; fileRef = ABE499931F4D5031004B9462 /* ViewController.swift */; };
		ABE499971F4D5031004B9462 /* Main.storyboard in Resources */ = {isa = PBXBuildFile; fileRef = ABE499951F4D5031004B9462 /* Main.storyboard */; };
		ABE499991F4D5031004B9462 /* Assets.xcassets in Resources */ = {isa = PBXBuildFile; fileRef = ABE499981F4D5031004B9462 /* Assets.xcassets */; };
		ABE4999C1F4D5031004B9462 /* LaunchScreen.storyboard in Resources */ = {isa = PBXBuildFile; fileRef = ABE4999A1F4D5031004B9462 /* LaunchScreen.storyboard */; };
		B93F2469F8FB3FEDF59C7840 /* Pods_Sharefit.framework in Frameworks */ = {isa = PBXBuildFile; fileRef = CB3744E8DD3C2B057B8FC8CF /* Pods_Sharefit.framework */; };
/* End PBXBuildFile section */

/* Begin PBXFileReference section */
		159BA10D0238E4D6A6DDB7D6 /* Pods-Sharefit.release.xcconfig */ = {isa = PBXFileReference; includeInIndex = 1; lastKnownFileType = text.xcconfig; name = "Pods-Sharefit.release.xcconfig"; path = "Pods/Target Support Files/Pods-Sharefit/Pods-Sharefit.release.xcconfig"; sourceTree = "<group>"; };
		4E3189DCC099CFDACC0EFC97 /* Pods-Sharefit.debug.xcconfig */ = {isa = PBXFileReference; includeInIndex = 1; lastKnownFileType = text.xcconfig; name = "Pods-Sharefit.debug.xcconfig"; path = "Pods/Target Support Files/Pods-Sharefit/Pods-Sharefit.debug.xcconfig"; sourceTree = "<group>"; };
		ABE4998E1F4D5031004B9462 /* Sharefit.app */ = {isa = PBXFileReference; explicitFileType = wrapper.application; includeInIndex = 0; path = Sharefit.app; sourceTree = BUILT_PRODUCTS_DIR; };
		ABE499911F4D5031004B9462 /* AppDelegate.swift */ = {isa = PBXFileReference; lastKnownFileType = sourcecode.swift; path = AppDelegate.swift; sourceTree = "<group>"; };
		ABE499931F4D5031004B9462 /* ViewController.swift */ = {isa = PBXFileReference; lastKnownFileType = sourcecode.swift; path = ViewController.swift; sourceTree = "<group>"; };
		ABE499961F4D5031004B9462 /* Base */ = {isa = PBXFileReference; lastKnownFileType = file.storyboard; name = Base; path = Base.lproj/Main.storyboard; sourceTree = "<group>"; };
		ABE499981F4D5031004B9462 /* Assets.xcassets */ = {isa = PBXFileReference; lastKnownFileType = folder.assetcatalog; path = Assets.xcassets; sourceTree = "<group>"; };
		ABE4999B1F4D5031004B9462 /* Base */ = {isa = PBXFileReference; lastKnownFileType = file.storyboard; name = Base; path = Base.lproj/LaunchScreen.storyboard; sourceTree = "<group>"; };
		ABE4999D1F4D5031004B9462 /* Info.plist */ = {isa = PBXFileReference; lastKnownFileType = text.plist.xml; path = Info.plist; sourceTree = "<group>"; };
		CB3744E8DD3C2B057B8FC8CF /* Pods_Sharefit.framework */ = {isa = PBXFileReference; explicitFileType = wrapper.framework; includeInIndex = 0; path = Pods_Sharefit.framework; sourceTree = BUILT_PRODUCTS_DIR; };
/* End PBXFileReference section */

/* Begin PBXFrameworksBuildPhase section */
		ABE4998B1F4D5031004B9462 /* Frameworks */ = {
			isa = PBXFrameworksBuildPhase;
			buildActionMask = 2147483647;
			files = (
				B93F2469F8FB3FEDF59C7840 /* Pods_Sharefit.framework in Frameworks */,
			);
			runOnlyForDeploymentPostprocessing = 0;
		};
/* End PBXFrameworksBuildPhase section */

/* Begin PBXGroup section */
		ABE499851F4D5031004B9462 = {
			isa = PBXGroup;
			children = (
				ABE499901F4D5031004B9462 /* Sharefit */,
				ABE4998F1F4D5031004B9462 /* Products */,
				D5B0A197610AC4A58C3291D2 /* Pods */,
				E13B2190062721FE43AF3FE3 /* Frameworks */,
			);
			sourceTree = "<group>";
		};
		ABE4998F1F4D5031004B9462 /* Products */ = {
			isa = PBXGroup;
			children = (
				ABE4998E1F4D5031004B9462 /* Sharefit.app */,
			);
			name = Products;
			sourceTree = "<group>";
		};
		ABE499901F4D5031004B9462 /* Sharefit */ = {
			isa = PBXGroup;
			children = (
				ABE499911F4D5031004B9462 /* AppDelegate.swift */,
				ABE499931F4D5031004B9462 /* ViewController.swift */,
				ABE499951F4D5031004B9462 /* Main.storyboard */,
				ABE499981F4D5031004B9462 /* Assets.xcassets */,
				ABE4999A1F4D5031004B9462 /* LaunchScreen.storyboard */,
				ABE4999D1F4D5031004B9462 /* Info.plist */,
			);
			path = Sharefit;
			sourceTree = "<group>";
		};
		D5B0A197610AC4A58C3291D2 /* Pods */ = {
			isa = PBXGroup;
			children = (
				4E3189DCC099CFDACC0EFC97 /* Pods-Sharefit.debug.xcconfig */,
				159BA10D0238E4D6A6DDB7D6 /* Pods-Sharefit.release.xcconfig */,
			);
			name = Pods;
			sourceTree = "<group>";
		};
		E13B2190062721FE43AF3FE3 /* Frameworks */ = {
			isa = PBXGroup;
			children = (
				CB3744E8DD3C2B057B8FC8CF /* Pods_Sharefit.framework */,
			);
			name = Frameworks;
			sourceTree = "<group>";
		};
/* End PBXGroup section */

/* Begin PBXNativeTarget section */
		ABE4998D1F4D5031004B9462 /* Sharefit */ = {
			isa = PBXNativeTarget;
			buildConfigurationList = ABE499A01F4D5031004B9462 /* Build configuration list for PBXNativeTarget "Sharefit" */;
			buildPhases = (
				DBB8F3D0EBDB65747099AD5D /* [CP] Check Pods Manifest.lock */,
				ABE4998A1F4D5031004B9462 /* Sources */,
				ABE4998B1F4D5031004B9462 /* Frameworks */,
				ABE4998C1F4D5031004B9462 /* Resources */,
				3472923AD23169852FD42622 /* [CP] Embed Pods Frameworks */,
				C0C9B412814FFBA366C7AD8E /* [CP] Copy Pods Resources */,
			);
			buildRules = (
			);
			dependencies = (
			);
			name = Sharefit;
			productName = Sharefit;
			productReference = ABE4998E1F4D5031004B9462 /* Sharefit.app */;
			productType = "com.apple.product-type.application";
		};
/* End PBXNativeTarget section */

/* Begin PBXProject section */
		ABE499861F4D5031004B9462 /* Project object */ = {
			isa = PBXProject;
			attributes = {
				LastSwiftUpdateCheck = 0830;
				LastUpgradeCheck = 0830;
				ORGANIZATIONNAME = nttr;
				TargetAttributes = {
					ABE4998D1F4D5031004B9462 = {
						CreatedOnToolsVersion = 8.3.3;
						ProvisioningStyle = Automatic;
					};
				};
			};
			buildConfigurationList = ABE499891F4D5031004B9462 /* Build configuration list for PBXProject "Sharefit" */;
			compatibilityVersion = "Xcode 3.2";
			developmentRegion = English;
			hasScannedForEncodings = 0;
			knownRegions = (
				en,
				Base,
			);
			mainGroup = ABE499851F4D5031004B9462;
			productRefGroup = ABE4998F1F4D5031004B9462 /* Products */;
			projectDirPath = "";
			projectRoot = "";
			targets = (
				ABE4998D1F4D5031004B9462 /* Sharefit */,
			);
		};
/* End PBXProject section */

/* Begin PBXResourcesBuildPhase section */
		ABE4998C1F4D5031004B9462 /* Resources */ = {
			isa = PBXResourcesBuildPhase;
			buildActionMask = 2147483647;
			files = (
				ABE4999C1F4D5031004B9462 /* LaunchScreen.storyboard in Resources */,
				ABE499991F4D5031004B9462 /* Assets.xcassets in Resources */,
				ABE499971F4D5031004B9462 /* Main.storyboard in Resources */,
			);
			runOnlyForDeploymentPostprocessing = 0;
		};
/* End PBXResourcesBuildPhase section */

/* Begin PBXShellScriptBuildPhase section */
		3472923AD23169852FD42622 /* [CP] Embed Pods Frameworks */ = {
			isa = PBXShellScriptBuildPhase;
			buildActionMask = 2147483647;
			files = (
			);
			inputPaths = (
			);
			name = "[CP] Embed Pods Frameworks";
			outputPaths = (
			);
			runOnlyForDeploymentPostprocessing = 0;
			shellPath = /bin/sh;
			shellScript = "\"${SRCROOT}/Pods/Target Support Files/Pods-Sharefit/Pods-Sharefit-frameworks.sh\"\n";
			showEnvVarsInLog = 0;
		};
		C0C9B412814FFBA366C7AD8E /* [CP] Copy Pods Resources */ = {
			isa = PBXShellScriptBuildPhase;
			buildActionMask = 2147483647;
			files = (
			);
			inputPaths = (
			);
			name = "[CP] Copy Pods Resources";
			outputPaths = (
			);
			runOnlyForDeploymentPostprocessing = 0;
			shellPath = /bin/sh;
			shellScript = "\"${SRCROOT}/Pods/Target Support Files/Pods-Sharefit/Pods-Sharefit-resources.sh\"\n";
			showEnvVarsInLog = 0;
		};
		DBB8F3D0EBDB65747099AD5D /* [CP] Check Pods Manifest.lock */ = {
			isa = PBXShellScriptBuildPhase;
			buildActionMask = 2147483647;
			files = (
			);
			inputPaths = (
			);
			name = "[CP] Check Pods Manifest.lock";
			outputPaths = (
			);
			runOnlyForDeploymentPostprocessing = 0;
			shellPath = /bin/sh;
			shellScript = "diff \"${PODS_PODFILE_DIR_PATH}/Podfile.lock\" \"${PODS_ROOT}/Manifest.lock\" > /dev/null\nif [ $? != 0 ] ; then\n    # print error to STDERR\n    echo \"error: The sandbox is not in sync with the Podfile.lock. Run 'pod install' or update your CocoaPods installation.\" >&2\n    exit 1\nfi\n";
			showEnvVarsInLog = 0;
		};
/* End PBXShellScriptBuildPhase section */

/* Begin PBXSourcesBuildPhase section */
		ABE4998A1F4D5031004B9462 /* Sources */ = {
			isa = PBXSourcesBuildPhase;
			buildActionMask = 2147483647;
			files = (
				ABE499941F4D5031004B9462 /* ViewController.swift in Sources */,
				ABE499921F4D5031004B9462 /* AppDelegate.swift in Sources */,
			);
			runOnlyForDeploymentPostprocessing = 0;
		};
/* End PBXSourcesBuildPhase section */

/* Begin PBXVariantGroup section */
		ABE499951F4D5031004B9462 /* Main.storyboard */ = {
			isa = PBXVariantGroup;
			children = (
				ABE499961F4D5031004B9462 /* Base */,
			);
			name = Main.storyboard;
			sourceTree = "<group>";
		};
		ABE4999A1F4D5031004B9462 /* LaunchScreen.storyboard */ = {
			isa = PBXVariantGroup;
			children = (
				ABE4999B1F4D5031004B9462 /* Base */,
			);
			name = LaunchScreen.storyboard;
			sourceTree = "<group>";
		};
/* End PBXVariantGroup section */

/* Begin XCBuildConfiguration section */
		ABE4999E1F4D5031004B9462 /* Debug */ = {
			isa = XCBuildConfiguration;
			buildSettings = {
				ALWAYS_SEARCH_USER_PATHS = NO;
				CLANG_ANALYZER_NONNULL = YES;
				CLANG_ANALYZER_NUMBER_OBJECT_CONVERSION = YES_AGGRESSIVE;
				CLANG_CXX_LANGUAGE_STANDARD = "gnu++0x";
				CLANG_CXX_LIBRARY = "libc++";
				CLANG_ENABLE_MODULES = YES;
				CLANG_ENABLE_OBJC_ARC = YES;
				CLANG_WARN_BOOL_CONVERSION = YES;
				CLANG_WARN_CONSTANT_CONVERSION = YES;
				CLANG_WARN_DIRECT_OBJC_ISA_USAGE = YES_ERROR;
				CLANG_WARN_DOCUMENTATION_COMMENTS = YES;
				CLANG_WARN_EMPTY_BODY = YES;
				CLANG_WARN_ENUM_CONVERSION = YES;
				CLANG_WARN_INFINITE_RECURSION = YES;
				CLANG_WARN_INT_CONVERSION = YES;
				CLANG_WARN_OBJC_ROOT_CLASS = YES_ERROR;
				CLANG_WARN_SUSPICIOUS_MOVE = YES;
				CLANG_WARN_UNREACHABLE_CODE = YES;
				CLANG_WARN__DUPLICATE_METHOD_MATCH = YES;
				"CODE_SIGN_IDENTITY[sdk=iphoneos*]" = "iPhone Developer";
				COPY_PHASE_STRIP = NO;
				DEBUG_INFORMATION_FORMAT = dwarf;
				ENABLE_STRICT_OBJC_MSGSEND = YES;
				ENABLE_TESTABILITY = YES;
				GCC_C_LANGUAGE_STANDARD = gnu99;
				GCC_DYNAMIC_NO_PIC = NO;
				GCC_NO_COMMON_BLOCKS = YES;
				GCC_OPTIMIZATION_LEVEL = 0;
				GCC_PREPROCESSOR_DEFINITIONS = (
					"DEBUG=1",
					"$(inherited)",
				);
				GCC_WARN_64_TO_32_BIT_CONVERSION = YES;
				GCC_WARN_ABOUT_RETURN_TYPE = YES_ERROR;
				GCC_WARN_UNDECLARED_SELECTOR = YES;
				GCC_WARN_UNINITIALIZED_AUTOS = YES_AGGRESSIVE;
				GCC_WARN_UNUSED_FUNCTION = YES;
				GCC_WARN_UNUSED_VARIABLE = YES;
				IPHONEOS_DEPLOYMENT_TARGET = 10.3;
				MTL_ENABLE_DEBUG_INFO = YES;
				ONLY_ACTIVE_ARCH = YES;
				SDKROOT = iphoneos;
				SWIFT_ACTIVE_COMPILATION_CONDITIONS = DEBUG;
				SWIFT_OPTIMIZATION_LEVEL = "-Onone";
			};
			name = Debug;
		};
		ABE4999F1F4D5031004B9462 /* Release */ = {
			isa = XCBuildConfiguration;
			buildSettings = {
				ALWAYS_SEARCH_USER_PATHS = NO;
				CLANG_ANALYZER_NONNULL = YES;
				CLANG_ANALYZER_NUMBER_OBJECT_CONVERSION = YES_AGGRESSIVE;
				CLANG_CXX_LANGUAGE_STANDARD = "gnu++0x";
				CLANG_CXX_LIBRARY = "libc++";
				CLANG_ENABLE_MODULES = YES;
				CLANG_ENABLE_OBJC_ARC = YES;
				CLANG_WARN_BOOL_CONVERSION = YES;
				CLANG_WARN_CONSTANT_CONVERSION = YES;
				CLANG_WARN_DIRECT_OBJC_ISA_USAGE = YES_ERROR;
				CLANG_WARN_DOCUMENTATION_COMMENTS = YES;
				CLANG_WARN_EMPTY_BODY = YES;
				CLANG_WARN_ENUM_CONVERSION = YES;
				CLANG_WARN_INFINITE_RECURSION = YES;
				CLANG_WARN_INT_CONVERSION = YES;
				CLANG_WARN_OBJC_ROOT_CLASS = YES_ERROR;
				CLANG_WARN_SUSPICIOUS_MOVE = YES;
				CLANG_WARN_UNREACHABLE_CODE = YES;
				CLANG_WARN__DUPLICATE_METHOD_MATCH = YES;
				"CODE_SIGN_IDENTITY[sdk=iphoneos*]" = "iPhone Developer";
				COPY_PHASE_STRIP = NO;
				DEBUG_INFORMATION_FORMAT = "dwarf-with-dsym";
				ENABLE_NS_ASSERTIONS = NO;
				ENABLE_STRICT_OBJC_MSGSEND = YES;
				GCC_C_LANGUAGE_STANDARD = gnu99;
				GCC_NO_COMMON_BLOCKS = YES;
				GCC_WARN_64_TO_32_BIT_CONVERSION = YES;
				GCC_WARN_ABOUT_RETURN_TYPE = YES_ERROR;
				GCC_WARN_UNDECLARED_SELECTOR = YES;
				GCC_WARN_UNINITIALIZED_AUTOS = YES_AGGRESSIVE;
				GCC_WARN_UNUSED_FUNCTION = YES;
				GCC_WARN_UNUSED_VARIABLE = YES;
				IPHONEOS_DEPLOYMENT_TARGET = 10.3;
				MTL_ENABLE_DEBUG_INFO = NO;
				SDKROOT = iphoneos;
				SWIFT_OPTIMIZATION_LEVEL = "-Owholemodule";
				VALIDATE_PRODUCT = YES;
			};
			name = Release;
		};
		ABE499A11F4D5031004B9462 /* Debug */ = {
			isa = XCBuildConfiguration;
			baseConfigurationReference = 4E3189DCC099CFDACC0EFC97 /* Pods-Sharefit.debug.xcconfig */;
			buildSettings = {
				ASSETCATALOG_COMPILER_APPICON_NAME = AppIcon;
				INFOPLIST_FILE = Sharefit/Info.plist;
				LD_RUNPATH_SEARCH_PATHS = "$(inherited) @executable_path/Frameworks";
				PRODUCT_BUNDLE_IDENTIFIER = net.eritake.Sharefit;
				PRODUCT_NAME = "$(TARGET_NAME)";
				SWIFT_VERSION = 3.0;
			};
			name = Debug;
		};
		ABE499A21F4D5031004B9462 /* Release */ = {
			isa = XCBuildConfiguration;
			baseConfigurationReference = 159BA10D0238E4D6A6DDB7D6 /* Pods-Sharefit.release.xcconfig */;
			buildSettings = {
				ASSETCATALOG_COMPILER_APPICON_NAME = AppIcon;
				INFOPLIST_FILE = Sharefit/Info.plist;
				LD_RUNPATH_SEARCH_PATHS = "$(inherited) @executable_path/Frameworks";
				PRODUCT_BUNDLE_IDENTIFIER = net.eritake.Sharefit;
				PRODUCT_NAME = "$(TARGET_NAME)";
				SWIFT_VERSION = 3.0;
			};
			name = Release;
		};
/* End XCBuildConfiguration section */

/* Begin XCConfigurationList section */
		ABE499891F4D5031004B9462 /* Build configuration list for PBXProject "Sharefit" */ = {
			isa = XCConfigurationList;
			buildConfigurations = (
				ABE4999E1F4D5031004B9462 /* Debug */,
				ABE4999F1F4D5031004B9462 /* Release */,
			);
			defaultConfigurationIsVisible = 0;
			defaultConfigurationName = Release;
		};
		ABE499A01F4D5031004B9462 /* Build configuration list for PBXNativeTarget "Sharefit" */ = {
			isa = XCConfigurationList;
			buildConfigurations = (
				ABE499A11F4D5031004B9462 /* Debug */,
				ABE499A21F4D5031004B9462 /* Release */,
			);
			defaultConfigurationIsVisible = 0;
		};
/* End XCConfigurationList section */
	};
	rootObject = ABE499861F4D5031004B9462 /* Project object */;
}
